
Microsoft Visual Studio Solution File, Format Version 12.00
# Visual Studio Version 17
VisualStudioVersion = 17.7.34024.191
MinimumVisualStudioVersion = 10.0.40219.1
Project("{FAE04EC0-301F-11D3-BF4B-00C04F79EFBC}") = "RestaurantIS", "RestaurantIS.csproj", "{2325EEB2-E449-4DB6-8590-EFD0748CD864}"
EndProject
Global
	GlobalSection(SolutionConfigurationPlatforms) = preSolution
		Debug|Any CPU = Debug|Any CPU
		Release|Any CPU = Release|Any CPU
	EndGlobalSection
	GlobalSection(ProjectConfigurationPlatforms) = postSolution
		{2325EEB2-E449-4DB6-8590-EFD0748CD864}.Debug|Any CPU.ActiveCfg = Debug|Any CPU
		{2325EEB2-E449-4DB6-8590-EFD0748CD864}.Debug|Any CPU.Build.0 = Debug|Any CPU
		{2325EEB2-E449-4DB6-8590-EFD0748CD864}.Release|Any CPU.ActiveCfg = Release|Any CPU
		{2325EEB2-E449-4DB6-8590-EFD0748CD864}.Release|Any CPU.Build.0 = Release|Any CPU
	EndGlobalSection
	GlobalSection(SolutionProperties) = preSolution
		HideSolutionNode = FALSE
	EndGlobalSection
	GlobalSection(ExtensibilityGlobals) = postSolution
		SolutionGuid = {5EB6FF09-B135-40E9-AE1A-CBA1FC504156}
	EndGlobalSection
EndGlobal
